PODS:
  - Reindeers (1.2.0)

DEPENDENCIES:
  - Reindeers (from `https://github.com/onmyway133/Reindeers`)

EXTERNAL SOURCES:
  Reindeers:
    :git: https://github.com/onmyway133/Reindeers

CHECKOUT OPTIONS:
  Reindeers:
    :commit: e8cbfa01b9b410265dc1e0ede0c6ac5500d1e562
    :git: https://github.com/onmyway133/Reindeers

SPEC CHECKSUMS:
  Reindeers: 478fcab4d8e72a9f47d76bfeb6f5d7f2b93fce85

PODFILE CHECKSUM: 8ab2d0861d008977ff3f7653985d9095318c1a0a

COCOAPODS: 1.3.1
