PODS:
  - Reindeer (1.0.0)

DEPENDENCIES:
  - Reindeer (from `https://github.com/onmyway133/Reindeer`)

EXTERNAL SOURCES:
  Reindeer:
    :git: https://github.com/onmyway133/Reindeer

CHECKOUT OPTIONS:
  Reindeer:
    :commit: c62a7eb3f39e92baef7570a38f8ee1410c954cf2
    :git: https://github.com/onmyway133/Reindeer

SPEC CHECKSUMS:
  Reindeer: edd7e0db0115dffa9f861dcdfed3cd3ffc4332c8

PODFILE CHECKSUM: 24d6ddc9131b347806e6082e68d447d65b7c206e

COCOAPODS: 1.3.1
